{
  "object": {
    "pins": [
      {
        "package": "swift-nio",
        "repositoryURL": "https://github.com/apple/swift-nio.git",
        "state": {
          "branch": null,
          "revision": "d6e3762e0a5f7ede652559f53623baf11006e17c",
          "version": "2.39.0"
        }
      }
    ]
  },
  "version": 1
}
